
Microsoft Visual Studio Solution File, Format Version 12.00
# Visual Studio Version 16
VisualStudioVersion = 16.0.29728.190
MinimumVisualStudioVersion = 10.0.40219.1
Project("{FAE04EC0-301F-11D3-BF4B-00C04F79EFBC}") = "BooKee", "BooKee\BooKee.csproj", "{BB78A66E-BF92-467D-A84A-257E1CFC5DCC}"
EndProject
Global
	GlobalSection(SolutionConfigurationPlatforms) = preSolution
		Debug|Any CPU = Debug|Any CPU
		Release|Any CPU = Release|Any CPU
	EndGlobalSection
	GlobalSection(ProjectConfigurationPlatforms) = postSolution
		{BB78A66E-BF92-467D-A84A-257E1CFC5DCC}.Debug|Any CPU.ActiveCfg = Debug|Any CPU
		{BB78A66E-BF92-467D-A84A-257E1CFC5DCC}.Debug|Any CPU.Build.0 = Debug|Any CPU
		{BB78A66E-BF92-467D-A84A-257E1CFC5DCC}.Release|Any CPU.ActiveCfg = Release|Any CPU
		{BB78A66E-BF92-467D-A84A-257E1CFC5DCC}.Release|Any CPU.Build.0 = Release|Any CPU
	EndGlobalSection
	GlobalSection(SolutionProperties) = preSolution
		HideSolutionNode = FALSE
	EndGlobalSection
	GlobalSection(ExtensibilityGlobals) = postSolution
		SolutionGuid = {3FC8213C-F332-4918-A2BB-5AE55482DADA}
	EndGlobalSection
EndGlobal
